
Microsoft Visual Studio Solution File, Format Version 12.00
# Visual Studio Version 16
VisualStudioVersion = 16.0.30204.135
MinimumVisualStudioVersion = 10.0.40219.1
Project("{9A19103F-16F7-4668-BE54-9A1E7A4F7556}") = "JMS.Gateway", "JMS.Gateway\JMS.Gateway.csproj", "{C86BFC34-8F8F-4FA9-B2D2-A58CA851660C}"
EndProject
Project("{9A19103F-16F7-4668-BE54-9A1E7A4F7556}") = "JMS.ServiceProvider", "JMS.ServiceProvider\JMS.ServiceProvider.csproj", "{74605393-97A1-42F0-AB00-1DE9B776A114}"
EndProject
Project("{9A19103F-16F7-4668-BE54-9A1E7A4F7556}") = "JMS.Invoker", "JMS.Invoker\JMS.Invoker.csproj", "{1EBED580-70F1-4706-A46D-400837BA967A}"
EndProject
Project("{9A19103F-16F7-4668-BE54-9A1E7A4F7556}") = "JMS.TestServiceHost", "JMS.TestServiceHost\JMS.TestServiceHost.csproj", "{7EB3C44B-8863-47A7-B2BF-27664B282243}"
EndProject
Project("{9A19103F-16F7-4668-BE54-9A1E7A4F7556}") = "TestApplication", "TestApplication\TestApplication.csproj", "{E4A14EBB-8532-4648-B805-AA7D53C61646}"
EndProject
Project("{9A19103F-16F7-4668-BE54-9A1E7A4F7556}") = "JMS.Token", "JMS.Token\JMS.Token.csproj", "{BAFBA108-AFE7-4CE4-B705-B5876841B9FB}"
EndProject
Project("{9A19103F-16F7-4668-BE54-9A1E7A4F7556}") = "JMS.TokenServer", "JMS.TokenServer\JMS.TokenServer.csproj", "{44A7F6F4-913A-4094-96EB-BE530918CBEC}"
EndProject
Project("{9A19103F-16F7-4668-BE54-9A1E7A4F7556}") = "JMS.Common", "JMS.Common\JMS.Common.csproj", "{89EFE918-C027-4855-9D67-09AC7CC004C2}"
EndProject
Project("{9A19103F-16F7-4668-BE54-9A1E7A4F7556}") = "JMS.Gateway.Referee", "JMS.Gateway.Referee\JMS.Gateway.Referee.csproj", "{DE05C171-9EED-4A7B-B6C3-CDC653656775}"
EndProject
Project("{9A19103F-16F7-4668-BE54-9A1E7A4F7556}") = "JMS.Proxy", "JMS.Proxy\JMS.Proxy.csproj", "{38B4F31C-C377-45FB-9917-0DA069BBD455}"
EndProject
Project("{2150E333-8FDC-42A3-9474-1A3956D46DE8}") = "DevTest", "DevTest", "{D5E91F59-EF4D-4D06-81FC-B39B514B80E8}"
EndProject
Project("{2150E333-8FDC-42A3-9474-1A3956D46DE8}") = "RunTest", "RunTest", "{77A1A0DA-8537-4318-B8CE-5989D1E05132}"
EndProject
Project("{FAE04EC0-301F-11D3-BF4B-00C04F79EFBC}") = "TestUserInfoService", "TestUserInfoService\TestUserInfoService.csproj", "{AC5DDB56-A3E0-400E-BCBC-33A0F4AF5356}"
EndProject
Project("{FAE04EC0-301F-11D3-BF4B-00C04F79EFBC}") = "TestBankService", "TestBankService\TestBankService.csproj", "{E1A20713-3394-4170-B0E9-51AB22E1327A}"
EndProject
Project("{FAE04EC0-301F-11D3-BF4B-00C04F79EFBC}") = "TestClient", "TestClient\TestClient.csproj", "{503D20D4-1FA1-44D6-AF56-07EA2046860D}"
EndProject
Global
	GlobalSection(SolutionConfigurationPlatforms) = preSolution
		Debug|Any CPU = Debug|Any CPU
		Release|Any CPU = Release|Any CPU
	EndGlobalSection
	GlobalSection(ProjectConfigurationPlatforms) = postSolution
		{C86BFC34-8F8F-4FA9-B2D2-A58CA851660C}.Debug|Any CPU.ActiveCfg = Debug|Any CPU
		{C86BFC34-8F8F-4FA9-B2D2-A58CA851660C}.Debug|Any CPU.Build.0 = Debug|Any CPU
		{C86BFC34-8F8F-4FA9-B2D2-A58CA851660C}.Release|Any CPU.ActiveCfg = Release|Any CPU
		{C86BFC34-8F8F-4FA9-B2D2-A58CA851660C}.Release|Any CPU.Build.0 = Release|Any CPU
		{74605393-97A1-42F0-AB00-1DE9B776A114}.Debug|Any CPU.ActiveCfg = Debug|Any CPU
		{74605393-97A1-42F0-AB00-1DE9B776A114}.Debug|Any CPU.Build.0 = Debug|Any CPU
		{74605393-97A1-42F0-AB00-1DE9B776A114}.Release|Any CPU.ActiveCfg = Release|Any CPU
		{74605393-97A1-42F0-AB00-1DE9B776A114}.Release|Any CPU.Build.0 = Release|Any CPU
		{1EBED580-70F1-4706-A46D-400837BA967A}.Debug|Any CPU.ActiveCfg = Debug|Any CPU
		{1EBED580-70F1-4706-A46D-400837BA967A}.Debug|Any CPU.Build.0 = Debug|Any CPU
		{1EBED580-70F1-4706-A46D-400837BA967A}.Release|Any CPU.ActiveCfg = Release|Any CPU
		{1EBED580-70F1-4706-A46D-400837BA967A}.Release|Any CPU.Build.0 = Release|Any CPU
		{7EB3C44B-8863-47A7-B2BF-27664B282243}.Debug|Any CPU.ActiveCfg = Debug|Any CPU
		{7EB3C44B-8863-47A7-B2BF-27664B282243}.Debug|Any CPU.Build.0 = Debug|Any CPU
		{7EB3C44B-8863-47A7-B2BF-27664B282243}.Release|Any CPU.ActiveCfg = Release|Any CPU
		{7EB3C44B-8863-47A7-B2BF-27664B282243}.Release|Any CPU.Build.0 = Release|Any CPU
		{E4A14EBB-8532-4648-B805-AA7D53C61646}.Debug|Any CPU.ActiveCfg = Debug|Any CPU
		{E4A14EBB-8532-4648-B805-AA7D53C61646}.Debug|Any CPU.Build.0 = Debug|Any CPU
		{E4A14EBB-8532-4648-B805-AA7D53C61646}.Release|Any CPU.ActiveCfg = Release|Any CPU
		{E4A14EBB-8532-4648-B805-AA7D53C61646}.Release|Any CPU.Build.0 = Release|Any CPU
		{BAFBA108-AFE7-4CE4-B705-B5876841B9FB}.Debug|Any CPU.ActiveCfg = Debug|Any CPU
		{BAFBA108-AFE7-4CE4-B705-B5876841B9FB}.Debug|Any CPU.Build.0 = Debug|Any CPU
		{BAFBA108-AFE7-4CE4-B705-B5876841B9FB}.Release|Any CPU.ActiveCfg = Release|Any CPU
		{BAFBA108-AFE7-4CE4-B705-B5876841B9FB}.Release|Any CPU.Build.0 = Release|Any CPU
		{44A7F6F4-913A-4094-96EB-BE530918CBEC}.Debug|Any CPU.ActiveCfg = Debug|Any CPU
		{44A7F6F4-913A-4094-96EB-BE530918CBEC}.Debug|Any CPU.Build.0 = Debug|Any CPU
		{44A7F6F4-913A-4094-96EB-BE530918CBEC}.Release|Any CPU.ActiveCfg = Release|Any CPU
		{44A7F6F4-913A-4094-96EB-BE530918CBEC}.Release|Any CPU.Build.0 = Release|Any CPU
		{89EFE918-C027-4855-9D67-09AC7CC004C2}.Debug|Any CPU.ActiveCfg = Debug|Any CPU
		{89EFE918-C027-4855-9D67-09AC7CC004C2}.Debug|Any CPU.Build.0 = Debug|Any CPU
		{89EFE918-C027-4855-9D67-09AC7CC004C2}.Release|Any CPU.ActiveCfg = Release|Any CPU
		{89EFE918-C027-4855-9D67-09AC7CC004C2}.Release|Any CPU.Build.0 = Release|Any CPU
		{DE05C171-9EED-4A7B-B6C3-CDC653656775}.Debug|Any CPU.ActiveCfg = Debug|Any CPU
		{DE05C171-9EED-4A7B-B6C3-CDC653656775}.Debug|Any CPU.Build.0 = Debug|Any CPU
		{DE05C171-9EED-4A7B-B6C3-CDC653656775}.Release|Any CPU.ActiveCfg = Release|Any CPU
		{DE05C171-9EED-4A7B-B6C3-CDC653656775}.Release|Any CPU.Build.0 = Release|Any CPU
		{38B4F31C-C377-45FB-9917-0DA069BBD455}.Debug|Any CPU.ActiveCfg = Debug|Any CPU
		{38B4F31C-C377-45FB-9917-0DA069BBD455}.Debug|Any CPU.Build.0 = Debug|Any CPU
		{38B4F31C-C377-45FB-9917-0DA069BBD455}.Release|Any CPU.ActiveCfg = Release|Any CPU
		{38B4F31C-C377-45FB-9917-0DA069BBD455}.Release|Any CPU.Build.0 = Release|Any CPU
		{AC5DDB56-A3E0-400E-BCBC-33A0F4AF5356}.Debug|Any CPU.ActiveCfg = Debug|Any CPU
		{AC5DDB56-A3E0-400E-BCBC-33A0F4AF5356}.Debug|Any CPU.Build.0 = Debug|Any CPU
		{AC5DDB56-A3E0-400E-BCBC-33A0F4AF5356}.Release|Any CPU.ActiveCfg = Release|Any CPU
		{AC5DDB56-A3E0-400E-BCBC-33A0F4AF5356}.Release|Any CPU.Build.0 = Release|Any CPU
		{E1A20713-3394-4170-B0E9-51AB22E1327A}.Debug|Any CPU.ActiveCfg = Debug|Any CPU
		{E1A20713-3394-4170-B0E9-51AB22E1327A}.Debug|Any CPU.Build.0 = Debug|Any CPU
		{E1A20713-3394-4170-B0E9-51AB22E1327A}.Release|Any CPU.ActiveCfg = Release|Any CPU
		{E1A20713-3394-4170-B0E9-51AB22E1327A}.Release|Any CPU.Build.0 = Release|Any CPU
		{503D20D4-1FA1-44D6-AF56-07EA2046860D}.Debug|Any CPU.ActiveCfg = Debug|Any CPU
		{503D20D4-1FA1-44D6-AF56-07EA2046860D}.Debug|Any CPU.Build.0 = Debug|Any CPU
		{503D20D4-1FA1-44D6-AF56-07EA2046860D}.Release|Any CPU.ActiveCfg = Release|Any CPU
		{503D20D4-1FA1-44D6-AF56-07EA2046860D}.Release|Any CPU.Build.0 = Release|Any CPU
	EndGlobalSection
	GlobalSection(SolutionProperties) = preSolution
		HideSolutionNode = FALSE
	EndGlobalSection
	GlobalSection(NestedProjects) = preSolution
		{7EB3C44B-8863-47A7-B2BF-27664B282243} = {D5E91F59-EF4D-4D06-81FC-B39B514B80E8}
		{E4A14EBB-8532-4648-B805-AA7D53C61646} = {D5E91F59-EF4D-4D06-81FC-B39B514B80E8}
		{AC5DDB56-A3E0-400E-BCBC-33A0F4AF5356} = {77A1A0DA-8537-4318-B8CE-5989D1E05132}
		{E1A20713-3394-4170-B0E9-51AB22E1327A} = {77A1A0DA-8537-4318-B8CE-5989D1E05132}
		{503D20D4-1FA1-44D6-AF56-07EA2046860D} = {77A1A0DA-8537-4318-B8CE-5989D1E05132}
	EndGlobalSection
	GlobalSection(ExtensibilityGlobals) = postSolution
		SolutionGuid = {8DD244BC-BF73-4AE3-A9FA-16E8AC1283AF}
	EndGlobalSection
EndGlobal
