
Microsoft Visual Studio Solution File, Format Version 12.00
# Visual Studio Version 17
VisualStudioVersion = 17.7.34221.43
MinimumVisualStudioVersion = 10.0.40219.1
Project("{9A19103F-16F7-4668-BE54-9A1E7A4F7556}") = "UserInfoServiceHost", "UserInfoServiceHost\UserInfoServiceHost.csproj", "{1FAD9803-24E4-4585-987D-446B6999560B}"
EndProject
Project("{FAE04EC0-301F-11D3-BF4B-00C04F79EFBC}") = "Client", "Client\Client.csproj", "{955D151E-9F7E-4F1F-A646-DE1805428A5A}"
EndProject
Project("{FAE04EC0-301F-11D3-BF4B-00C04F79EFBC}") = "MoneyAccountServiceHost", "MoneyAccountServiceHost\MoneyAccountServiceHost.csproj", "{31D8667B-7B66-4AA1-891F-8B4C03283419}"
EndProject
Global
	GlobalSection(SolutionConfigurationPlatforms) = preSolution
		Debug|Any CPU = Debug|Any CPU
		Release|Any CPU = Release|Any CPU
	EndGlobalSection
	GlobalSection(ProjectConfigurationPlatforms) = postSolution
		{1FAD9803-24E4-4585-987D-446B6999560B}.Debug|Any CPU.ActiveCfg = Debug|Any CPU
		{1FAD9803-24E4-4585-987D-446B6999560B}.Debug|Any CPU.Build.0 = Debug|Any CPU
		{1FAD9803-24E4-4585-987D-446B6999560B}.Release|Any CPU.ActiveCfg = Release|Any CPU
		{1FAD9803-24E4-4585-987D-446B6999560B}.Release|Any CPU.Build.0 = Release|Any CPU
		{955D151E-9F7E-4F1F-A646-DE1805428A5A}.Debug|Any CPU.ActiveCfg = Debug|Any CPU
		{955D151E-9F7E-4F1F-A646-DE1805428A5A}.Debug|Any CPU.Build.0 = Debug|Any CPU
		{955D151E-9F7E-4F1F-A646-DE1805428A5A}.Release|Any CPU.ActiveCfg = Release|Any CPU
		{955D151E-9F7E-4F1F-A646-DE1805428A5A}.Release|Any CPU.Build.0 = Release|Any CPU
		{31D8667B-7B66-4AA1-891F-8B4C03283419}.Debug|Any CPU.ActiveCfg = Debug|Any CPU
		{31D8667B-7B66-4AA1-891F-8B4C03283419}.Debug|Any CPU.Build.0 = Debug|Any CPU
		{31D8667B-7B66-4AA1-891F-8B4C03283419}.Release|Any CPU.ActiveCfg = Release|Any CPU
		{31D8667B-7B66-4AA1-891F-8B4C03283419}.Release|Any CPU.Build.0 = Release|Any CPU
	EndGlobalSection
	GlobalSection(SolutionProperties) = preSolution
		HideSolutionNode = FALSE
	EndGlobalSection
	GlobalSection(ExtensibilityGlobals) = postSolution
		SolutionGuid = {978B235A-5A6F-4338-838F-DD37BC105A51}
	EndGlobalSection
EndGlobal
